
Microsoft Visual Studio Solution File, Format Version 12.00
# Visual Studio Version 16
VisualStudioVersion = 16.0.31424.327
MinimumVisualStudioVersion = 10.0.40219.1
Project("{FAE04EC0-301F-11D3-BF4B-00C04F79EFBC}") = "QueryableEnumberableApp", "QueryableEnumberableApp.csproj", "{9DCB9456-AB03-4FA8-B049-0978EE762A15}"
EndProject
Global
	GlobalSection(SolutionConfigurationPlatforms) = preSolution
		Debug|Any CPU = Debug|Any CPU
		Release|Any CPU = Release|Any CPU
	EndGlobalSection
	GlobalSection(ProjectConfigurationPlatforms) = postSolution
		{9DCB9456-AB03-4FA8-B049-0978EE762A15}.Debug|Any CPU.ActiveCfg = Debug|Any CPU
		{9DCB9456-AB03-4FA8-B049-0978EE762A15}.Debug|Any CPU.Build.0 = Debug|Any CPU
		{9DCB9456-AB03-4FA8-B049-0978EE762A15}.Release|Any CPU.ActiveCfg = Release|Any CPU
		{9DCB9456-AB03-4FA8-B049-0978EE762A15}.Release|Any CPU.Build.0 = Release|Any CPU
	EndGlobalSection
	GlobalSection(SolutionProperties) = preSolution
		HideSolutionNode = FALSE
	EndGlobalSection
	GlobalSection(ExtensibilityGlobals) = postSolution
		SolutionGuid = {825D6E27-DF90-463C-842F-6025B3BB874B}
	EndGlobalSection
EndGlobal
